
Microsoft Visual Studio Solution File, Format Version 12.00
# Visual Studio Version 17
VisualStudioVersion = 17.8.34309.116
MinimumVisualStudioVersion = 10.0.40219.1
Project("{FAE04EC0-301F-11D3-BF4B-00C04F79EFBC}") = "BlazorMinimalApiHtmx", "BlazorMinimalApiHtmx\BlazorMinimalApiHtmx.csproj", "{863C0AFF-5511-488D-A518-4FC74B920213}"
EndProject
Global
	GlobalSection(SolutionConfigurationPlatforms) = preSolution
		Debug|Any CPU = Debug|Any CPU
		Release|Any CPU = Release|Any CPU
	EndGlobalSection
	GlobalSection(ProjectConfigurationPlatforms) = postSolution
		{863C0AFF-5511-488D-A518-4FC74B920213}.Debug|Any CPU.ActiveCfg = Debug|Any CPU
		{863C0AFF-5511-488D-A518-4FC74B920213}.Debug|Any CPU.Build.0 = Debug|Any CPU
		{863C0AFF-5511-488D-A518-4FC74B920213}.Release|Any CPU.ActiveCfg = Release|Any CPU
		{863C0AFF-5511-488D-A518-4FC74B920213}.Release|Any CPU.Build.0 = Release|Any CPU
	EndGlobalSection
	GlobalSection(SolutionProperties) = preSolution
		HideSolutionNode = FALSE
	EndGlobalSection
	GlobalSection(ExtensibilityGlobals) = postSolution
		SolutionGuid = {4AD470A5-6325-4FF3-BC0A-35F93AB35984}
	EndGlobalSection
EndGlobal
